<?xml version="1.0" encoding="utf-8"?>
<Project ToolsVersion="4.0" xmlns="http://schemas.microsoft.com/developer/msbuild/2003">
  <ItemGroup>
    <Filter Include="Source Files">
      <UniqueIdentifier>{4FC737F1-C7A5-4376-A066-2A32D752A2FF}</UniqueIdentifier>
      <Extensions>cpp;c;cc;cxx;c++;cppm;ixx;def;odl;idl;hpj;bat;asm;asmx</Extensions>
    </Filter>
    <Filter Include="Header Files">
      <UniqueIdentifier>{93995380-89BD-4b04-88EB-625FBE52EBFB}</UniqueIdentifier>
      <Extensions>h;hh;hpp;hxx;h++;hm;inl;inc;ipp;xsd</Extensions>
    </Filter>
    <Filter Include="Resource Files">
      <UniqueIdentifier>{67DA6AB6-F800-4c08-8B7A-83BB121AAD01}</UniqueIdentifier>
      <Extensions>rc;ico;cur;bmp;dlg;rc2;rct;bin;rgs;gif;jpg;jpeg;jpe;resx;tiff;tif;png;wav;mfcribbon-ms</Extensions>
    </Filter>
    <Filter Include="Header Files\Chain">
      <UniqueIdentifier>{92a6051c-4385-4a20-98a0-c183cb6436b7}</UniqueIdentifier>
    </Filter>
    <Filter Include="Header Files\Handlers">
      <UniqueIdentifier>{65a34732-7ae2-4430-94f2-d69636738b8e}</UniqueIdentifier>
    </Filter>
    <Filter Include="Header Files\Hash">
      <UniqueIdentifier>{273b8ee9-5926-4c24-9c6f-28f749390ab8}</UniqueIdentifier>
    </Filter>
    <Filter Include="Source Files\Hash">
      <UniqueIdentifier>{12eae173-5a98-46b1-b306-20466ad52ec8}</UniqueIdentifier>
    </Filter>
    <Filter Include="Source Files\Chain">
      <UniqueIdentifier>{483d8d5f-0d5e-49ca-8a33-b799e6036495}</UniqueIdentifier>
    </Filter>
  </ItemGroup>
  <ItemGroup>
    <ClCompile Include="main.cpp">
      <Filter>Source Files</Filter>
    </ClCompile>
    <ClCompile Include="SHA256.h">
      <Filter>Header Files\Hash</Filter>
    </ClCompile>
    <ClCompile Include="SHA256.cpp">
      <Filter>Source Files\Hash</Filter>
    </ClCompile>
    <ClCompile Include="VerifingUtils.cpp">
      <Filter>Source Files</Filter>
    </ClCompile>
    <ClCompile Include="ResponseManager.cpp">
      <Filter>Source Files</Filter>
    </ClCompile>
    <ClCompile Include="Block.cpp">
      <Filter>Source Files\Chain</Filter>
    </ClCompile>
    <ClCompile Include="Blockchain.cpp">
      <Filter>Source Files\Chain</Filter>
    </ClCompile>
    <ClCompile Include="Question.cpp">
      <Filter>Source Files\Chain</Filter>
    </ClCompile>
    <ClCompile Include="Response.cpp">
      <Filter>Source Files\Chain</Filter>
    </ClCompile>
    <ClCompile Include="Survey.cpp">
      <Filter>Source Files\Chain</Filter>
    </ClCompile>
    <ClCompile Include="HandlerFactory.cpp">
      <Filter>Source Files</Filter>
    </ClCompile>
    <ClCompile Include="EnterQuizHandler.cpp">
      <Filter>Source Files</Filter>
    </ClCompile>
  </ItemGroup>
  <ItemGroup>
    <None Include="README.md">
      <Filter>Resource Files</Filter>
    </None>
  </ItemGroup>
  <ItemGroup>
    <ClInclude Include="json.hpp">
      <Filter>Header Files</Filter>
    </ClInclude>
    <ClInclude Include="VerifingUtils.h">
      <Filter>Header Files</Filter>
    </ClInclude>
    <ClInclude Include="Block.h">
      <Filter>Header Files\Chain</Filter>
    </ClInclude>
    <ClInclude Include="Blockchain.h">
      <Filter>Header Files\Chain</Filter>
    </ClInclude>
    <ClInclude Include="Question.h">
      <Filter>Header Files\Chain</Filter>
    </ClInclude>
    <ClInclude Include="Response.h">
      <Filter>Header Files\Chain</Filter>
    </ClInclude>
    <ClInclude Include="Survey.h">
      <Filter>Header Files\Chain</Filter>
    </ClInclude>
    <ClInclude Include="SurveyMetadata.h">
      <Filter>Header Files\Chain</Filter>
    </ClInclude>
    <ClInclude Include="ResponseManager.h">
      <Filter>Header Files</Filter>
    </ClInclude>
    <ClInclude Include="HandlerFactory.h">
      <Filter>Header Files\Handlers</Filter>
    </ClInclude>
    <ClInclude Include="Handler.h">
      <Filter>Header Files\Handlers</Filter>
    </ClInclude>
    <ClInclude Include="EnterQuizHandler.h">
      <Filter>Header Files</Filter>
    </ClInclude>
  </ItemGroup>
</Project>